// !$*UTF8*$!
{
	archiveVersion = 1;
	classes = {
	};
	objectVersion = 50;
	objects = {

/* Begin PBXBuildFile section */
		CD1A309A2271ECD8006781EE /* AppDelegate.swift in Sources */ = {isa = PBXBuildFile; fileRef = CD1A30992271ECD8006781EE /* AppDelegate.swift */; };
		CD1A30A22271ECD8006781EE /* historyViewController.swift in Sources */ = {isa = PBXBuildFile; fileRef = CD1A30A12271ECD8006781EE /* historyViewController.swift */; };
		CD1A30A52271ECD8006781EE /* Main.storyboard in Resources */ = {isa = PBXBuildFile; fileRef = CD1A30A32271ECD8006781EE /* Main.storyboard */; };
		CD1A30A72271ECD9006781EE /* Assets.xcassets in Resources */ = {isa = PBXBuildFile; fileRef = CD1A30A62271ECD9006781EE /* Assets.xcassets */; };
		CD1A30AA2271ECD9006781EE /* LaunchScreen.storyboard in Resources */ = {isa = PBXBuildFile; fileRef = CD1A30A82271ECD9006781EE /* LaunchScreen.storyboard */; };
		CD1A30B52271ECD9006781EE /* NonHistoryTests.swift in Sources */ = {isa = PBXBuildFile; fileRef = CD1A30B42271ECD9006781EE /* NonHistoryTests.swift */; };
		CD1A30C02271ECDA006781EE /* NonHistoryUITests.swift in Sources */ = {isa = PBXBuildFile; fileRef = CD1A30BF2271ECDA006781EE /* NonHistoryUITests.swift */; };
		CD1A30DC227200D0006781EE /* Raleway-Thin.ttf in Resources */ = {isa = PBXBuildFile; fileRef = CD1A30D92271FB31006781EE /* Raleway-Thin.ttf */; };
		CD1A30DD227200D4006781EE /* Raleway-Black.ttf in Resources */ = {isa = PBXBuildFile; fileRef = CD1A30D82271FB31006781EE /* Raleway-Black.ttf */; };
/* End PBXBuildFile section */

/* Begin PBXContainerItemProxy section */
		CD1A30B12271ECD9006781EE /* PBXContainerItemProxy */ = {
			isa = PBXContainerItemProxy;
			containerPortal = CD1A308E2271ECD8006781EE /* Project object */;
			proxyType = 1;
			remoteGlobalIDString = CD1A30952271ECD8006781EE;
			remoteInfo = NonHistory;
		};
		CD1A30BC2271ECDA006781EE /* PBXContainerItemProxy */ = {
			isa = PBXContainerItemProxy;
			containerPortal = CD1A308E2271ECD8006781EE /* Project object */;
			proxyType = 1;
			remoteGlobalIDString = CD1A30952271ECD8006781EE;
			remoteInfo = NonHistory;
		};
/* End PBXContainerItemProxy section */

/* Begin PBXFileReference section */
		CD1A30962271ECD8006781EE /* NonHistory.app */ = {isa = PBXFileReference; explicitFileType = wrapper.application; includeInIndex = 0; path = NonHistory.app; sourceTree = BUILT_PRODUCTS_DIR; };
		CD1A30992271ECD8006781EE /* AppDelegate.swift */ = {isa = PBXFileReference; lastKnownFileType = sourcecode.swift; path = AppDelegate.swift; sourceTree = "<group>"; };
		CD1A30A12271ECD8006781EE /* historyViewController.swift */ = {isa = PBXFileReference; lastKnownFileType = sourcecode.swift; path = historyViewController.swift; sourceTree = "<group>"; };
		CD1A30A42271ECD8006781EE /* Base */ = {isa = PBXFileReference; lastKnownFileType = file.storyboard; name = Base; path = Base.lproj/Main.storyboard; sourceTree = "<group>"; };
		CD1A30A62271ECD9006781EE /* Assets.xcassets */ = {isa = PBXFileReference; lastKnownFileType = folder.assetcatalog; path = Assets.xcassets; sourceTree = "<group>"; };
		CD1A30A92271ECD9006781EE /* Base */ = {isa = PBXFileReference; lastKnownFileType = file.storyboard; name = Base; path = Base.lproj/LaunchScreen.storyboard; sourceTree = "<group>"; };
		CD1A30AB2271ECD9006781EE /* Info.plist */ = {isa = PBXFileReference; lastKnownFileType = text.plist.xml; path = Info.plist; sourceTree = "<group>"; };
		CD1A30B02271ECD9006781EE /* NonHistoryTests.xctest */ = {isa = PBXFileReference; explicitFileType = wrapper.cfbundle; includeInIndex = 0; path = NonHistoryTests.xctest; sourceTree = BUILT_PRODUCTS_DIR; };
		CD1A30B42271ECD9006781EE /* NonHistoryTests.swift */ = {isa = PBXFileReference; lastKnownFileType = sourcecode.swift; path = NonHistoryTests.swift; sourceTree = "<group>"; };
		CD1A30B62271ECD9006781EE /* Info.plist */ = {isa = PBXFileReference; lastKnownFileType = text.plist.xml; path = Info.plist; sourceTree = "<group>"; };
		CD1A30BB2271ECDA006781EE /* NonHistoryUITests.xctest */ = {isa = PBXFileReference; explicitFileType = wrapper.cfbundle; includeInIndex = 0; path = NonHistoryUITests.xctest; sourceTree = BUILT_PRODUCTS_DIR; };
		CD1A30BF2271ECDA006781EE /* NonHistoryUITests.swift */ = {isa = PBXFileReference; lastKnownFileType = sourcecode.swift; path = NonHistoryUITests.swift; sourceTree = "<group>"; };
		CD1A30C12271ECDA006781EE /* Info.plist */ = {isa = PBXFileReference; lastKnownFileType = text.plist.xml; path = Info.plist; sourceTree = "<group>"; };
		CD1A30D82271FB31006781EE /* Raleway-Black.ttf */ = {isa = PBXFileReference; lastKnownFileType = file; path = "Raleway-Black.ttf"; sourceTree = "<group>"; };
		CD1A30D92271FB31006781EE /* Raleway-Thin.ttf */ = {isa = PBXFileReference; lastKnownFileType = file; path = "Raleway-Thin.ttf"; sourceTree = "<group>"; };
/* End PBXFileReference section */

/* Begin PBXFrameworksBuildPhase section */
		CD1A30932271ECD8006781EE /* Frameworks */ = {
			isa = PBXFrameworksBuildPhase;
			buildActionMask = 2147483647;
			files = (
			);
			runOnlyForDeploymentPostprocessing = 0;
		};
		CD1A30AD2271ECD9006781EE /* Frameworks */ = {
			isa = PBXFrameworksBuildPhase;
			buildActionMask = 2147483647;
			files = (
			);
			runOnlyForDeploymentPostprocessing = 0;
		};
		CD1A30B82271ECDA006781EE /* Frameworks */ = {
			isa = PBXFrameworksBuildPhase;
			buildActionMask = 2147483647;
			files = (
			);
			runOnlyForDeploymentPostprocessing = 0;
		};
/* End PBXFrameworksBuildPhase section */

/* Begin PBXGroup section */
		CD1A308D2271ECD8006781EE = {
			isa = PBXGroup;
			children = (
				CD1A30D52271FB19006781EE /* Resources */,
				CD1A30982271ECD8006781EE /* NonHistory */,
				CD1A30B32271ECD9006781EE /* NonHistoryTests */,
				CD1A30BE2271ECDA006781EE /* NonHistoryUITests */,
				CD1A30972271ECD8006781EE /* Products */,
			);
			sourceTree = "<group>";
		};
		CD1A30972271ECD8006781EE /* Products */ = {
			isa = PBXGroup;
			children = (
				CD1A30962271ECD8006781EE /* NonHistory.app */,
				CD1A30B02271ECD9006781EE /* NonHistoryTests.xctest */,
				CD1A30BB2271ECDA006781EE /* NonHistoryUITests.xctest */,
			);
			name = Products;
			sourceTree = "<group>";
		};
		CD1A30982271ECD8006781EE /* NonHistory */ = {
			isa = PBXGroup;
			children = (
				CD1A30992271ECD8006781EE /* AppDelegate.swift */,
				CD1A30A12271ECD8006781EE /* historyViewController.swift */,
				CD1A30A32271ECD8006781EE /* Main.storyboard */,
				CD1A30A62271ECD9006781EE /* Assets.xcassets */,
				CD1A30A82271ECD9006781EE /* LaunchScreen.storyboard */,
				CD1A30AB2271ECD9006781EE /* Info.plist */,
			);
			path = NonHistory;
			sourceTree = "<group>";
		};
		CD1A30B32271ECD9006781EE /* NonHistoryTests */ = {
			isa = PBXGroup;
			children = (
				CD1A30B42271ECD9006781EE /* NonHistoryTests.swift */,
				CD1A30B62271ECD9006781EE /* Info.plist */,
			);
			path = NonHistoryTests;
			sourceTree = "<group>";
		};
		CD1A30BE2271ECDA006781EE /* NonHistoryUITests */ = {
			isa = PBXGroup;
			children = (
				CD1A30BF2271ECDA006781EE /* NonHistoryUITests.swift */,
				CD1A30C12271ECDA006781EE /* Info.plist */,
			);
			path = NonHistoryUITests;
			sourceTree = "<group>";
		};
		CD1A30D52271FB19006781EE /* Resources */ = {
			isa = PBXGroup;
			children = (
				CD1A30D62271FB24006781EE /* Fonts */,
			);
			path = Resources;
			sourceTree = "<group>";
		};
		CD1A30D62271FB24006781EE /* Fonts */ = {
			isa = PBXGroup;
			children = (
				CD1A30D92271FB31006781EE /* Raleway-Thin.ttf */,
				CD1A30D82271FB31006781EE /* Raleway-Black.ttf */,
			);
			path = Fonts;
			sourceTree = "<group>";
		};
/* End PBXGroup section */

/* Begin PBXNativeTarget section */
		CD1A30952271ECD8006781EE /* NonHistory */ = {
			isa = PBXNativeTarget;
			buildConfigurationList = CD1A30C42271ECDA006781EE /* Build configuration list for PBXNativeTarget "NonHistory" */;
			buildPhases = (
				CD1A30922271ECD8006781EE /* Sources */,
				CD1A30932271ECD8006781EE /* Frameworks */,
				CD1A30942271ECD8006781EE /* Resources */,
			);
			buildRules = (
			);
			dependencies = (
			);
			name = NonHistory;
			productName = NonHistory;
			productReference = CD1A30962271ECD8006781EE /* NonHistory.app */;
			productType = "com.apple.product-type.application";
		};
		CD1A30AF2271ECD9006781EE /* NonHistoryTests */ = {
			isa = PBXNativeTarget;
			buildConfigurationList = CD1A30C72271ECDA006781EE /* Build configuration list for PBXNativeTarget "NonHistoryTests" */;
			buildPhases = (
				CD1A30AC2271ECD9006781EE /* Sources */,
				CD1A30AD2271ECD9006781EE /* Frameworks */,
				CD1A30AE2271ECD9006781EE /* Resources */,
			);
			buildRules = (
			);
			dependencies = (
				CD1A30B22271ECD9006781EE /* PBXTargetDependency */,
			);
			name = NonHistoryTests;
			productName = NonHistoryTests;
			productReference = CD1A30B02271ECD9006781EE /* NonHistoryTests.xctest */;
			productType = "com.apple.product-type.bundle.unit-test";
		};
		CD1A30BA2271ECDA006781EE /* NonHistoryUITests */ = {
			isa = PBXNativeTarget;
			buildConfigurationList = CD1A30CA2271ECDA006781EE /* Build configuration list for PBXNativeTarget "NonHistoryUITests" */;
			buildPhases = (
				CD1A30B72271ECDA006781EE /* Sources */,
				CD1A30B82271ECDA006781EE /* Frameworks */,
				CD1A30B92271ECDA006781EE /* Resources */,
			);
			buildRules = (
			);
			dependencies = (
				CD1A30BD2271ECDA006781EE /* PBXTargetDependency */,
			);
			name = NonHistoryUITests;
			productName = NonHistoryUITests;
			productReference = CD1A30BB2271ECDA006781EE /* NonHistoryUITests.xctest */;
			productType = "com.apple.product-type.bundle.ui-testing";
		};
/* End PBXNativeTarget section */

/* Begin PBXProject section */
		CD1A308E2271ECD8006781EE /* Project object */ = {
			isa = PBXProject;
			attributes = {
				LastSwiftUpdateCheck = 1020;
				LastUpgradeCheck = 1020;
				ORGANIZATIONNAME = "Mariana Beilune Abad";
				TargetAttributes = {
					CD1A30952271ECD8006781EE = {
						CreatedOnToolsVersion = 10.2.1;
					};
					CD1A30AF2271ECD9006781EE = {
						CreatedOnToolsVersion = 10.2.1;
						TestTargetID = CD1A30952271ECD8006781EE;
					};
					CD1A30BA2271ECDA006781EE = {
						CreatedOnToolsVersion = 10.2.1;
						TestTargetID = CD1A30952271ECD8006781EE;
					};
				};
			};
			buildConfigurationList = CD1A30912271ECD8006781EE /* Build configuration list for PBXProject "NonHistory" */;
			compatibilityVersion = "Xcode 9.3";
			developmentRegion = en;
			hasScannedForEncodings = 0;
			knownRegions = (
				en,
				Base,
			);
			mainGroup = CD1A308D2271ECD8006781EE;
			productRefGroup = CD1A30972271ECD8006781EE /* Products */;
			projectDirPath = "";
			projectRoot = "";
			targets = (
				CD1A30952271ECD8006781EE /* NonHistory */,
				CD1A30AF2271ECD9006781EE /* NonHistoryTests */,
				CD1A30BA2271ECDA006781EE /* NonHistoryUITests */,
			);
		};
/* End PBXProject section */

/* Begin PBXResourcesBuildPhase section */
		CD1A30942271ECD8006781EE /* Resources */ = {
			isa = PBXResourcesBuildPhase;
			buildActionMask = 2147483647;
			files = (
				CD1A30A52271ECD8006781EE /* Main.storyboard in Resources */,
				CD1A30DC227200D0006781EE /* Raleway-Thin.ttf in Resources */,
				CD1A30A72271ECD9006781EE /* Assets.xcassets in Resources */,
				CD1A30AA2271ECD9006781EE /* LaunchScreen.storyboard in Resources */,
				CD1A30DD227200D4006781EE /* Raleway-Black.ttf in Resources */,
			);
			runOnlyForDeploymentPostprocessing = 0;
		};
		CD1A30AE2271ECD9006781EE /* Resources */ = {
			isa = PBXResourcesBuildPhase;
			buildActionMask = 2147483647;
			files = (
			);
			runOnlyForDeploymentPostprocessing = 0;
		};
		CD1A30B92271ECDA006781EE /* Resources */ = {
			isa = PBXResourcesBuildPhase;
			buildActionMask = 2147483647;
			files = (
			);
			runOnlyForDeploymentPostprocessing = 0;
		};
/* End PBXResourcesBuildPhase section */

/* Begin PBXSourcesBuildPhase section */
		CD1A30922271ECD8006781EE /* Sources */ = {
			isa = PBXSourcesBuildPhase;
			buildActionMask = 2147483647;
			files = (
				CD1A30A22271ECD8006781EE /* historyViewController.swift in Sources */,
				CD1A309A2271ECD8006781EE /* AppDelegate.swift in Sources */,
			);
			runOnlyForDeploymentPostprocessing = 0;
		};
		CD1A30AC2271ECD9006781EE /* Sources */ = {
			isa = PBXSourcesBuildPhase;
			buildActionMask = 2147483647;
			files = (
				CD1A30B52271ECD9006781EE /* NonHistoryTests.swift in Sources */,
			);
			runOnlyForDeploymentPostprocessing = 0;
		};
		CD1A30B72271ECDA006781EE /* Sources */ = {
			isa = PBXSourcesBuildPhase;
			buildActionMask = 2147483647;
			files = (
				CD1A30C02271ECDA006781EE /* NonHistoryUITests.swift in Sources */,
			);
			runOnlyForDeploymentPostprocessing = 0;
		};
/* End PBXSourcesBuildPhase section */

/* Begin PBXTargetDependency section */
		CD1A30B22271ECD9006781EE /* PBXTargetDependency */ = {
			isa = PBXTargetDependency;
			target = CD1A30952271ECD8006781EE /* NonHistory */;
			targetProxy = CD1A30B12271ECD9006781EE /* PBXContainerItemProxy */;
		};
		CD1A30BD2271ECDA006781EE /* PBXTargetDependency */ = {
			isa = PBXTargetDependency;
			target = CD1A30952271ECD8006781EE /* NonHistory */;
			targetProxy = CD1A30BC2271ECDA006781EE /* PBXContainerItemProxy */;
		};
/* End PBXTargetDependency section */

/* Begin PBXVariantGroup section */
		CD1A30A32271ECD8006781EE /* Main.storyboard */ = {
			isa = PBXVariantGroup;
			children = (
				CD1A30A42271ECD8006781EE /* Base */,
			);
			name = Main.storyboard;
			sourceTree = "<group>";
		};
		CD1A30A82271ECD9006781EE /* LaunchScreen.storyboard */ = {
			isa = PBXVariantGroup;
			children = (
				CD1A30A92271ECD9006781EE /* Base */,
			);
			name = LaunchScreen.storyboard;
			sourceTree = "<group>";
		};
/* End PBXVariantGroup section */

/* Begin XCBuildConfiguration section */
		CD1A30C22271ECDA006781EE /* Debug */ = {
			isa = XCBuildConfiguration;
			buildSettings = {
				ALWAYS_SEARCH_USER_PATHS = NO;
				CLANG_ANALYZER_NONNULL = YES;
				CLANG_ANALYZER_NUMBER_OBJECT_CONVERSION = YES_AGGRESSIVE;
				CLANG_CXX_LANGUAGE_STANDARD = "gnu++14";
				CLANG_CXX_LIBRARY = "libc++";
				CLANG_ENABLE_MODULES = YES;
				CLANG_ENABLE_OBJC_ARC = YES;
				CLANG_ENABLE_OBJC_WEAK = YES;
				CLANG_WARN_BLOCK_CAPTURE_AUTORELEASING = YES;
				CLANG_WARN_BOOL_CONVERSION = YES;
				CLANG_WARN_COMMA = YES;
				CLANG_WARN_CONSTANT_CONVERSION = YES;
				CLANG_WARN_DEPRECATED_OBJC_IMPLEMENTATIONS = YES;
				CLANG_WARN_DIRECT_OBJC_ISA_USAGE = YES_ERROR;
				CLANG_WARN_DOCUMENTATION_COMMENTS = YES;
				CLANG_WARN_EMPTY_BODY = YES;
				CLANG_WARN_ENUM_CONVERSION = YES;
				CLANG_WARN_INFINITE_RECURSION = YES;
				CLANG_WARN_INT_CONVERSION = YES;
				CLANG_WARN_NON_LITERAL_NULL_CONVERSION = YES;
				CLANG_WARN_OBJC_IMPLICIT_RETAIN_SELF = YES;
				CLANG_WARN_OBJC_LITERAL_CONVERSION = YES;
				CLANG_WARN_OBJC_ROOT_CLASS = YES_ERROR;
				CLANG_WARN_RANGE_LOOP_ANALYSIS = YES;
				CLANG_WARN_STRICT_PROTOTYPES = YES;
				CLANG_WARN_SUSPICIOUS_MOVE = YES;
				CLANG_WARN_UNGUARDED_AVAILABILITY = YES_AGGRESSIVE;
				CLANG_WARN_UNREACHABLE_CODE = YES;
				CLANG_WARN__DUPLICATE_METHOD_MATCH = YES;
				CODE_SIGN_IDENTITY = "iPhone Developer";
				COPY_PHASE_STRIP = NO;
				DEBUG_INFORMATION_FORMAT = dwarf;
				ENABLE_STRICT_OBJC_MSGSEND = YES;
				ENABLE_TESTABILITY = YES;
				GCC_C_LANGUAGE_STANDARD = gnu11;
				GCC_DYNAMIC_NO_PIC = NO;
				GCC_NO_COMMON_BLOCKS = YES;
				GCC_OPTIMIZATION_LEVEL = 0;
				GCC_PREPROCESSOR_DEFINITIONS = (
					"DEBUG=1",
					"$(inherited)",
				);
				GCC_WARN_64_TO_32_BIT_CONVERSION = YES;
				GCC_WARN_ABOUT_RETURN_TYPE = YES_ERROR;
				GCC_WARN_UNDECLARED_SELECTOR = YES;
				GCC_WARN_UNINITIALIZED_AUTOS = YES_AGGRESSIVE;
				GCC_WARN_UNUSED_FUNCTION = YES;
				GCC_WARN_UNUSED_VARIABLE = YES;
				IPHONEOS_DEPLOYMENT_TARGET = 12.2;
				MTL_ENABLE_DEBUG_INFO = INCLUDE_SOURCE;
				MTL_FAST_MATH = YES;
				ONLY_ACTIVE_ARCH = YES;
				SDKROOT = iphoneos;
				SWIFT_ACTIVE_COMPILATION_CONDITIONS = DEBUG;
				SWIFT_OPTIMIZATION_LEVEL = "-Onone";
			};
			name = Debug;
		};
		CD1A30C32271ECDA006781EE /* Release */ = {
			isa = XCBuildConfiguration;
			buildSettings = {
				ALWAYS_SEARCH_USER_PATHS = NO;
				CLANG_ANALYZER_NONNULL = YES;
				CLANG_ANALYZER_NUMBER_OBJECT_CONVERSION = YES_AGGRESSIVE;
				CLANG_CXX_LANGUAGE_STANDARD = "gnu++14";
				CLANG_CXX_LIBRARY = "libc++";
				CLANG_ENABLE_MODULES = YES;
				CLANG_ENABLE_OBJC_ARC = YES;
				CLANG_ENABLE_OBJC_WEAK = YES;
				CLANG_WARN_BLOCK_CAPTURE_AUTORELEASING = YES;
				CLANG_WARN_BOOL_CONVERSION = YES;
				CLANG_WARN_COMMA = YES;
				CLANG_WARN_CONSTANT_CONVERSION = YES;
				CLANG_WARN_DEPRECATED_OBJC_IMPLEMENTATIONS = YES;
				CLANG_WARN_DIRECT_OBJC_ISA_USAGE = YES_ERROR;
				CLANG_WARN_DOCUMENTATION_COMMENTS = YES;
				CLANG_WARN_EMPTY_BODY = YES;
				CLANG_WARN_ENUM_CONVERSION = YES;
				CLANG_WARN_INFINITE_RECURSION = YES;
				CLANG_WARN_INT_CONVERSION = YES;
				CLANG_WARN_NON_LITERAL_NULL_CONVERSION = YES;
				CLANG_WARN_OBJC_IMPLICIT_RETAIN_SELF = YES;
				CLANG_WARN_OBJC_LITERAL_CONVERSION = YES;
				CLANG_WARN_OBJC_ROOT_CLASS = YES_ERROR;
				CLANG_WARN_RANGE_LOOP_ANALYSIS = YES;
				CLANG_WARN_STRICT_PROTOTYPES = YES;
				CLANG_WARN_SUSPICIOUS_MOVE = YES;
				CLANG_WARN_UNGUARDED_AVAILABILITY = YES_AGGRESSIVE;
				CLANG_WARN_UNREACHABLE_CODE = YES;
				CLANG_WARN__DUPLICATE_METHOD_MATCH = YES;
				CODE_SIGN_IDENTITY = "iPhone Developer";
				COPY_PHASE_STRIP = NO;
				DEBUG_INFORMATION_FORMAT = "dwarf-with-dsym";
				ENABLE_NS_ASSERTIONS = NO;
				ENABLE_STRICT_OBJC_MSGSEND = YES;
				GCC_C_LANGUAGE_STANDARD = gnu11;
				GCC_NO_COMMON_BLOCKS = YES;
				GCC_WARN_64_TO_32_BIT_CONVERSION = YES;
				GCC_WARN_ABOUT_RETURN_TYPE = YES_ERROR;
				GCC_WARN_UNDECLARED_SELECTOR = YES;
				GCC_WARN_UNINITIALIZED_AUTOS = YES_AGGRESSIVE;
				GCC_WARN_UNUSED_FUNCTION = YES;
				GCC_WARN_UNUSED_VARIABLE = YES;
				IPHONEOS_DEPLOYMENT_TARGET = 12.2;
				MTL_ENABLE_DEBUG_INFO = NO;
				MTL_FAST_MATH = YES;
				SDKROOT = iphoneos;
				SWIFT_COMPILATION_MODE = wholemodule;
				SWIFT_OPTIMIZATION_LEVEL = "-O";
				VALIDATE_PRODUCT = YES;
			};
			name = Release;
		};
		CD1A30C52271ECDA006781EE /* Debug */ = {
			isa = XCBuildConfiguration;
			buildSettings = {
				ASSETCATALOG_COMPILER_APPICON_NAME = AppIcon;
				CODE_SIGN_STYLE = Automatic;
				DEVELOPMENT_TEAM = ADP5XER6GT;
				INFOPLIST_FILE = NonHistory/Info.plist;
				LD_RUNPATH_SEARCH_PATHS = (
					"$(inherited)",
					"@executable_path/Frameworks",
				);
				PRODUCT_BUNDLE_IDENTIFIER = com.mariabad.NonHistory;
				PRODUCT_NAME = "$(TARGET_NAME)";
				SWIFT_VERSION = 5.0;
				TARGETED_DEVICE_FAMILY = "1,2";
			};
			name = Debug;
		};
		CD1A30C62271ECDA006781EE /* Release */ = {
			isa = XCBuildConfiguration;
			buildSettings = {
				ASSETCATALOG_COMPILER_APPICON_NAME = AppIcon;
				CODE_SIGN_STYLE = Automatic;
				DEVELOPMENT_TEAM = ADP5XER6GT;
				INFOPLIST_FILE = NonHistory/Info.plist;
				LD_RUNPATH_SEARCH_PATHS = (
					"$(inherited)",
					"@executable_path/Frameworks",
				);
				PRODUCT_BUNDLE_IDENTIFIER = com.mariabad.NonHistory;
				PRODUCT_NAME = "$(TARGET_NAME)";
				SWIFT_VERSION = 5.0;
				TARGETED_DEVICE_FAMILY = "1,2";
			};
			name = Release;
		};
		CD1A30C82271ECDA006781EE /* Debug */ = {
			isa = XCBuildConfiguration;
			buildSettings = {
				ALWAYS_EMBED_SWIFT_STANDARD_LIBRARIES = YES;
				BUNDLE_LOADER = "$(TEST_HOST)";
				CODE_SIGN_STYLE = Automatic;
				DEVELOPMENT_TEAM = ADP5XER6GT;
				INFOPLIST_FILE = NonHistoryTests/Info.plist;
				LD_RUNPATH_SEARCH_PATHS = (
					"$(inherited)",
					"@executable_path/Frameworks",
					"@loader_path/Frameworks",
				);
				PRODUCT_BUNDLE_IDENTIFIER = com.mariabad.NonHistoryTests;
				PRODUCT_NAME = "$(TARGET_NAME)";
				SWIFT_VERSION = 5.0;
				TARGETED_DEVICE_FAMILY = "1,2";
				TEST_HOST = "$(BUILT_PRODUCTS_DIR)/NonHistory.app/NonHistory";
			};
			name = Debug;
		};
		CD1A30C92271ECDA006781EE /* Release */ = {
			isa = XCBuildConfiguration;
			buildSettings = {
				ALWAYS_EMBED_SWIFT_STANDARD_LIBRARIES = YES;
				BUNDLE_LOADER = "$(TEST_HOST)";
				CODE_SIGN_STYLE = Automatic;
				DEVELOPMENT_TEAM = ADP5XER6GT;
				INFOPLIST_FILE = NonHistoryTests/Info.plist;
				LD_RUNPATH_SEARCH_PATHS = (
					"$(inherited)",
					"@executable_path/Frameworks",
					"@loader_path/Frameworks",
				);
				PRODUCT_BUNDLE_IDENTIFIER = com.mariabad.NonHistoryTests;
				PRODUCT_NAME = "$(TARGET_NAME)";
				SWIFT_VERSION = 5.0;
				TARGETED_DEVICE_FAMILY = "1,2";
				TEST_HOST = "$(BUILT_PRODUCTS_DIR)/NonHistory.app/NonHistory";
			};
			name = Release;
		};
		CD1A30CB2271ECDA006781EE /* Debug */ = {
			isa = XCBuildConfiguration;
			buildSettings = {
				ALWAYS_EMBED_SWIFT_STANDARD_LIBRARIES = YES;
				CODE_SIGN_STYLE = Automatic;
				DEVELOPMENT_TEAM = ADP5XER6GT;
				INFOPLIST_FILE = NonHistoryUITests/Info.plist;
				LD_RUNPATH_SEARCH_PATHS = (
					"$(inherited)",
					"@executable_path/Frameworks",
					"@loader_path/Frameworks",
				);
				PRODUCT_BUNDLE_IDENTIFIER = com.mariabad.NonHistoryUITests;
				PRODUCT_NAME = "$(TARGET_NAME)";
				SWIFT_VERSION = 5.0;
				TARGETED_DEVICE_FAMILY = "1,2";
				TEST_TARGET_NAME = NonHistory;
			};
			name = Debug;
		};
		CD1A30CC2271ECDA006781EE /* Release */ = {
			isa = XCBuildConfiguration;
			buildSettings = {
				ALWAYS_EMBED_SWIFT_STANDARD_LIBRARIES = YES;
				CODE_SIGN_STYLE = Automatic;
				DEVELOPMENT_TEAM = ADP5XER6GT;
				INFOPLIST_FILE = NonHistoryUITests/Info.plist;
				LD_RUNPATH_SEARCH_PATHS = (
					"$(inherited)",
					"@executable_path/Frameworks",
					"@loader_path/Frameworks",
				);
				PRODUCT_BUNDLE_IDENTIFIER = com.mariabad.NonHistoryUITests;
				PRODUCT_NAME = "$(TARGET_NAME)";
				SWIFT_VERSION = 5.0;
				TARGETED_DEVICE_FAMILY = "1,2";
				TEST_TARGET_NAME = NonHistory;
			};
			name = Release;
		};
/* End XCBuildConfiguration section */

/* Begin XCConfigurationList section */
		CD1A30912271ECD8006781EE /* Build configuration list for PBXProject "NonHistory" */ = {
			isa = XCConfigurationList;
			buildConfigurations = (
				CD1A30C22271ECDA006781EE /* Debug */,
				CD1A30C32271ECDA006781EE /* Release */,
			);
			defaultConfigurationIsVisible = 0;
			defaultConfigurationName = Release;
		};
		CD1A30C42271ECDA006781EE /* Build configuration list for PBXNativeTarget "NonHistory" */ = {
			isa = XCConfigurationList;
			buildConfigurations = (
				CD1A30C52271ECDA006781EE /* Debug */,
				CD1A30C62271ECDA006781EE /* Release */,
			);
			defaultConfigurationIsVisible = 0;
			defaultConfigurationName = Release;
		};
		CD1A30C72271ECDA006781EE /* Build configuration list for PBXNativeTarget "NonHistoryTests" */ = {
			isa = XCConfigurationList;
			buildConfigurations = (
				CD1A30C82271ECDA006781EE /* Debug */,
				CD1A30C92271ECDA006781EE /* Release */,
			);
			defaultConfigurationIsVisible = 0;
			defaultConfigurationName = Release;
		};
		CD1A30CA2271ECDA006781EE /* Build configuration list for PBXNativeTarget "NonHistoryUITests" */ = {
			isa = XCConfigurationList;
			buildConfigurations = (
				CD1A30CB2271ECDA006781EE /* Debug */,
				CD1A30CC2271ECDA006781EE /* Release */,
			);
			defaultConfigurationIsVisible = 0;
			defaultConfigurationName = Release;
		};
/* End XCConfigurationList section */
	};
	rootObject = CD1A308E2271ECD8006781EE /* Project object */;
}
